
Microsoft Visual Studio Solution File, Format Version 12.00
# Visual Studio Version 16
VisualStudioVersion = 16.0.30717.126
MinimumVisualStudioVersion = 10.0.40219.1
Project("{9A19103F-16F7-4668-BE54-9A1E7A4F7556}") = "MyDotNetCoreServerlessWebApp", "MyDotNetCoreServerlessWebApp.csproj", "{DE2EB10F-517A-4550-8168-19E52C51C104}"
EndProject
Global
	GlobalSection(SolutionConfigurationPlatforms) = preSolution
		Debug|Any CPU = Debug|Any CPU
		Release|Any CPU = Release|Any CPU
	EndGlobalSection
	GlobalSection(ProjectConfigurationPlatforms) = postSolution
		{DE2EB10F-517A-4550-8168-19E52C51C104}.Debug|Any CPU.ActiveCfg = Debug|Any CPU
		{DE2EB10F-517A-4550-8168-19E52C51C104}.Debug|Any CPU.Build.0 = Debug|Any CPU
		{DE2EB10F-517A-4550-8168-19E52C51C104}.Release|Any CPU.ActiveCfg = Release|Any CPU
		{DE2EB10F-517A-4550-8168-19E52C51C104}.Release|Any CPU.Build.0 = Release|Any CPU
	EndGlobalSection
	GlobalSection(SolutionProperties) = preSolution
		HideSolutionNode = FALSE
	EndGlobalSection
	GlobalSection(ExtensibilityGlobals) = postSolution
		SolutionGuid = {1E0F0585-E147-41BA-9AAA-F24D108BFEC2}
	EndGlobalSection
EndGlobal
